
Microsoft Visual Studio Solution File, Format Version 12.00
# Visual Studio Version 16
VisualStudioVersion = 16.0.31702.278
MinimumVisualStudioVersion = 10.0.40219.1
Project("{FAE04EC0-301F-11D3-BF4B-00C04F79EFBC}") = "MOVIE.UWP", "MOVIE\MOVIE.UWP\MOVIE.UWP.csproj", "{DF3FCCD1-12D3-467F-8748-77C45C598196}"
EndProject
Project("{FAE04EC0-301F-11D3-BF4B-00C04F79EFBC}") = "MOVIE.Android", "MOVIE\MOVIE.Android\MOVIE.Android.csproj", "{329C10A5-A45C-4247-8403-DCF0DDB81EA2}"
EndProject
Project("{FAE04EC0-301F-11D3-BF4B-00C04F79EFBC}") = "MOVIE.iOS", "MOVIE\MOVIE.iOS\MOVIE.iOS.csproj", "{7A591863-0FF8-4B63-896B-EE9C438E5CC8}"
EndProject
Project("{FAE04EC0-301F-11D3-BF4B-00C04F79EFBC}") = "MOVIE", "MOVIE\MOVIE\MOVIE.csproj", "{AA532327-3086-4B79-AFC2-8B825A96F421}"
EndProject
Global
	GlobalSection(SolutionConfigurationPlatforms) = preSolution
		Debug|Any CPU = Debug|Any CPU
		Debug|ARM = Debug|ARM
		Debug|iPhone = Debug|iPhone
		Debug|iPhoneSimulator = Debug|iPhoneSimulator
		Debug|x64 = Debug|x64
		Debug|x86 = Debug|x86
		Release|Any CPU = Release|Any CPU
		Release|ARM = Release|ARM
		Release|iPhone = Release|iPhone
		Release|iPhoneSimulator = Release|iPhoneSimulator
		Release|x64 = Release|x64
		Release|x86 = Release|x86
	EndGlobalSection
	GlobalSection(ProjectConfigurationPlatforms) = postSolution
		{DF3FCCD1-12D3-467F-8748-77C45C598196}.Debug|Any CPU.ActiveCfg = Debug|x86
		{DF3FCCD1-12D3-467F-8748-77C45C598196}.Debug|Any CPU.Build.0 = Debug|x86
		{DF3FCCD1-12D3-467F-8748-77C45C598196}.Debug|Any CPU.Deploy.0 = Debug|x86
		{DF3FCCD1-12D3-467F-8748-77C45C598196}.Debug|ARM.ActiveCfg = Debug|ARM
		{DF3FCCD1-12D3-467F-8748-77C45C598196}.Debug|ARM.Build.0 = Debug|ARM
		{DF3FCCD1-12D3-467F-8748-77C45C598196}.Debug|ARM.Deploy.0 = Debug|ARM
		{DF3FCCD1-12D3-467F-8748-77C45C598196}.Debug|iPhone.ActiveCfg = Debug|x86
		{DF3FCCD1-12D3-467F-8748-77C45C598196}.Debug|iPhone.Build.0 = Debug|x86
		{DF3FCCD1-12D3-467F-8748-77C45C598196}.Debug|iPhone.Deploy.0 = Debug|x86
		{DF3FCCD1-12D3-467F-8748-77C45C598196}.Debug|iPhoneSimulator.ActiveCfg = Debug|x86
		{DF3FCCD1-12D3-467F-8748-77C45C598196}.Debug|iPhoneSimulator.Build.0 = Debug|x86
		{DF3FCCD1-12D3-467F-8748-77C45C598196}.Debug|iPhoneSimulator.Deploy.0 = Debug|x86
		{DF3FCCD1-12D3-467F-8748-77C45C598196}.Debug|x64.ActiveCfg = Debug|x64
		{DF3FCCD1-12D3-467F-8748-77C45C598196}.Debug|x64.Build.0 = Debug|x64
		{DF3FCCD1-12D3-467F-8748-77C45C598196}.Debug|x64.Deploy.0 = Debug|x64
		{DF3FCCD1-12D3-467F-8748-77C45C598196}.Debug|x86.ActiveCfg = Debug|x86
		{DF3FCCD1-12D3-467F-8748-77C45C598196}.Debug|x86.Build.0 = Debug|x86
		{DF3FCCD1-12D3-467F-8748-77C45C598196}.Debug|x86.Deploy.0 = Debug|x86
		{DF3FCCD1-12D3-467F-8748-77C45C598196}.Release|Any CPU.ActiveCfg = Release|x86
		{DF3FCCD1-12D3-467F-8748-77C45C598196}.Release|Any CPU.Build.0 = Release|x86
		{DF3FCCD1-12D3-467F-8748-77C45C598196}.Release|Any CPU.Deploy.0 = Release|x86
		{DF3FCCD1-12D3-467F-8748-77C45C598196}.Release|ARM.ActiveCfg = Release|ARM
		{DF3FCCD1-12D3-467F-8748-77C45C598196}.Release|ARM.Build.0 = Release|ARM
		{DF3FCCD1-12D3-467F-8748-77C45C598196}.Release|ARM.Deploy.0 = Release|ARM
		{DF3FCCD1-12D3-467F-8748-77C45C598196}.Release|iPhone.ActiveCfg = Release|x86
		{DF3FCCD1-12D3-467F-8748-77C45C598196}.Release|iPhone.Build.0 = Release|x86
		{DF3FCCD1-12D3-467F-8748-77C45C598196}.Release|iPhone.Deploy.0 = Release|x86
		{DF3FCCD1-12D3-467F-8748-77C45C598196}.Release|iPhoneSimulator.ActiveCfg = Release|x86
		{DF3FCCD1-12D3-467F-8748-77C45C598196}.Release|iPhoneSimulator.Build.0 = Release|x86
		{DF3FCCD1-12D3-467F-8748-77C45C598196}.Release|iPhoneSimulator.Deploy.0 = Release|x86
		{DF3FCCD1-12D3-467F-8748-77C45C598196}.Release|x64.ActiveCfg = Release|x64
		{DF3FCCD1-12D3-467F-8748-77C45C598196}.Release|x64.Build.0 = Release|x64
		{DF3FCCD1-12D3-467F-8748-77C45C598196}.Release|x64.Deploy.0 = Release|x64
		{DF3FCCD1-12D3-467F-8748-77C45C598196}.Release|x86.ActiveCfg = Release|x86
		{DF3FCCD1-12D3-467F-8748-77C45C598196}.Release|x86.Build.0 = Release|x86
		{DF3FCCD1-12D3-467F-8748-77C45C598196}.Release|x86.Deploy.0 = Release|x86
		{329C10A5-A45C-4247-8403-DCF0DDB81EA2}.Debug|Any CPU.ActiveCfg = Debug|Any CPU
		{329C10A5-A45C-4247-8403-DCF0DDB81EA2}.Debug|Any CPU.Build.0 = Debug|Any CPU
		{329C10A5-A45C-4247-8403-DCF0DDB81EA2}.Debug|Any CPU.Deploy.0 = Debug|Any CPU
		{329C10A5-A45C-4247-8403-DCF0DDB81EA2}.Debug|ARM.ActiveCfg = Debug|Any CPU
		{329C10A5-A45C-4247-8403-DCF0DDB81EA2}.Debug|ARM.Build.0 = Debug|Any CPU
		{329C10A5-A45C-4247-8403-DCF0DDB81EA2}.Debug|ARM.Deploy.0 = Debug|Any CPU
		{329C10A5-A45C-4247-8403-DCF0DDB81EA2}.Debug|iPhone.ActiveCfg = Debug|Any CPU
		{329C10A5-A45C-4247-8403-DCF0DDB81EA2}.Debug|iPhone.Build.0 = Debug|Any CPU
		{329C10A5-A45C-4247-8403-DCF0DDB81EA2}.Debug|iPhone.Deploy.0 = Debug|Any CPU
		{329C10A5-A45C-4247-8403-DCF0DDB81EA2}.Debug|iPhoneSimulator.ActiveCfg = Debug|Any CPU
		{329C10A5-A45C-4247-8403-DCF0DDB81EA2}.Debug|iPhoneSimulator.Build.0 = Debug|Any CPU
		{329C10A5-A45C-4247-8403-DCF0DDB81EA2}.Debug|iPhoneSimulator.Deploy.0 = Debug|Any CPU
		{329C10A5-A45C-4247-8403-DCF0DDB81EA2}.Debug|x64.ActiveCfg = Debug|Any CPU
		{329C10A5-A45C-4247-8403-DCF0DDB81EA2}.Debug|x64.Build.0 = Debug|Any CPU
		{329C10A5-A45C-4247-8403-DCF0DDB81EA2}.Debug|x64.Deploy.0 = Debug|Any CPU
		{329C10A5-A45C-4247-8403-DCF0DDB81EA2}.Debug|x86.ActiveCfg = Debug|Any CPU
		{329C10A5-A45C-4247-8403-DCF0DDB81EA2}.Debug|x86.Build.0 = Debug|Any CPU
		{329C10A5-A45C-4247-8403-DCF0DDB81EA2}.Debug|x86.Deploy.0 = Debug|Any CPU
		{329C10A5-A45C-4247-8403-DCF0DDB81EA2}.Release|Any CPU.ActiveCfg = Release|Any CPU
		{329C10A5-A45C-4247-8403-DCF0DDB81EA2}.Release|Any CPU.Build.0 = Release|Any CPU
		{329C10A5-A45C-4247-8403-DCF0DDB81EA2}.Release|Any CPU.Deploy.0 = Release|Any CPU
		{329C10A5-A45C-4247-8403-DCF0DDB81EA2}.Release|ARM.ActiveCfg = Release|Any CPU
		{329C10A5-A45C-4247-8403-DCF0DDB81EA2}.Release|ARM.Build.0 = Release|Any CPU
		{329C10A5-A45C-4247-8403-DCF0DDB81EA2}.Release|ARM.Deploy.0 = Release|Any CPU
		{329C10A5-A45C-4247-8403-DCF0DDB81EA2}.Release|iPhone.ActiveCfg = Release|Any CPU
		{329C10A5-A45C-4247-8403-DCF0DDB81EA2}.Release|iPhone.Build.0 = Release|Any CPU
		{329C10A5-A45C-4247-8403-DCF0DDB81EA2}.Release|iPhone.Deploy.0 = Release|Any CPU
		{329C10A5-A45C-4247-8403-DCF0DDB81EA2}.Release|iPhoneSimulator.ActiveCfg = Release|Any CPU
		{329C10A5-A45C-4247-8403-DCF0DDB81EA2}.Release|iPhoneSimulator.Build.0 = Release|Any CPU
		{329C10A5-A45C-4247-8403-DCF0DDB81EA2}.Release|iPhoneSimulator.Deploy.0 = Release|Any CPU
		{329C10A5-A45C-4247-8403-DCF0DDB81EA2}.Release|x64.ActiveCfg = Release|Any CPU
		{329C10A5-A45C-4247-8403-DCF0DDB81EA2}.Release|x64.Build.0 = Release|Any CPU
		{329C10A5-A45C-4247-8403-DCF0DDB81EA2}.Release|x64.Deploy.0 = Release|Any CPU
		{329C10A5-A45C-4247-8403-DCF0DDB81EA2}.Release|x86.ActiveCfg = Release|Any CPU
		{329C10A5-A45C-4247-8403-DCF0DDB81EA2}.Release|x86.Build.0 = Release|Any CPU
		{329C10A5-A45C-4247-8403-DCF0DDB81EA2}.Release|x86.Deploy.0 = Release|Any CPU
		{7A591863-0FF8-4B63-896B-EE9C438E5CC8}.Debug|Any CPU.ActiveCfg = Debug|iPhoneSimulator
		{7A591863-0FF8-4B63-896B-EE9C438E5CC8}.Debug|Any CPU.Build.0 = Debug|iPhoneSimulator
		{7A591863-0FF8-4B63-896B-EE9C438E5CC8}.Debug|Any CPU.Deploy.0 = Debug|iPhoneSimulator
		{7A591863-0FF8-4B63-896B-EE9C438E5CC8}.Debug|ARM.ActiveCfg = Debug|iPhone
		{7A591863-0FF8-4B63-896B-EE9C438E5CC8}.Debug|ARM.Build.0 = Debug|iPhone
		{7A591863-0FF8-4B63-896B-EE9C438E5CC8}.Debug|ARM.Deploy.0 = Debug|iPhone
		{7A591863-0FF8-4B63-896B-EE9C438E5CC8}.Debug|iPhone.ActiveCfg = Debug|iPhone
		{7A591863-0FF8-4B63-896B-EE9C438E5CC8}.Debug|iPhone.Build.0 = Debug|iPhone
		{7A591863-0FF8-4B63-896B-EE9C438E5CC8}.Debug|iPhone.Deploy.0 = Debug|iPhone
		{7A591863-0FF8-4B63-896B-EE9C438E5CC8}.Debug|iPhoneSimulator.ActiveCfg = Debug|iPhoneSimulator
		{7A591863-0FF8-4B63-896B-EE9C438E5CC8}.Debug|iPhoneSimulator.Build.0 = Debug|iPhoneSimulator
		{7A591863-0FF8-4B63-896B-EE9C438E5CC8}.Debug|iPhoneSimulator.Deploy.0 = Debug|iPhoneSimulator
		{7A591863-0FF8-4B63-896B-EE9C438E5CC8}.Debug|x64.ActiveCfg = Debug|iPhoneSimulator
		{7A591863-0FF8-4B63-896B-EE9C438E5CC8}.Debug|x64.Build.0 = Debug|iPhoneSimulator
		{7A591863-0FF8-4B63-896B-EE9C438E5CC8}.Debug|x64.Deploy.0 = Debug|iPhoneSimulator
		{7A591863-0FF8-4B63-896B-EE9C438E5CC8}.Debug|x86.ActiveCfg = Debug|iPhoneSimulator
		{7A591863-0FF8-4B63-896B-EE9C438E5CC8}.Debug|x86.Build.0 = Debug|iPhoneSimulator
		{7A591863-0FF8-4B63-896B-EE9C438E5CC8}.Debug|x86.Deploy.0 = Debug|iPhoneSimulator
		{7A591863-0FF8-4B63-896B-EE9C438E5CC8}.Release|Any CPU.ActiveCfg = Release|iPhoneSimulator
		{7A591863-0FF8-4B63-896B-EE9C438E5CC8}.Release|Any CPU.Build.0 = Release|iPhoneSimulator
		{7A591863-0FF8-4B63-896B-EE9C438E5CC8}.Release|Any CPU.Deploy.0 = Release|iPhoneSimulator
		{7A591863-0FF8-4B63-896B-EE9C438E5CC8}.Release|ARM.ActiveCfg = Release|iPhoneSimulator
		{7A591863-0FF8-4B63-896B-EE9C438E5CC8}.Release|ARM.Build.0 = Release|iPhoneSimulator
		{7A591863-0FF8-4B63-896B-EE9C438E5CC8}.Release|ARM.Deploy.0 = Release|iPhoneSimulator
		{7A591863-0FF8-4B63-896B-EE9C438E5CC8}.Release|iPhone.ActiveCfg = Release|iPhone
		{7A591863-0FF8-4B63-896B-EE9C438E5CC8}.Release|iPhone.Build.0 = Release|iPhone
		{7A591863-0FF8-4B63-896B-EE9C438E5CC8}.Release|iPhone.Deploy.0 = Release|iPhone
		{7A591863-0FF8-4B63-896B-EE9C438E5CC8}.Release|iPhoneSimulator.ActiveCfg = Release|iPhoneSimulator
		{7A591863-0FF8-4B63-896B-EE9C438E5CC8}.Release|iPhoneSimulator.Build.0 = Release|iPhoneSimulator
		{7A591863-0FF8-4B63-896B-EE9C438E5CC8}.Release|iPhoneSimulator.Deploy.0 = Release|iPhoneSimulator
		{7A591863-0FF8-4B63-896B-EE9C438E5CC8}.Release|x64.ActiveCfg = Release|iPhoneSimulator
		{7A591863-0FF8-4B63-896B-EE9C438E5CC8}.Release|x64.Build.0 = Release|iPhoneSimulator
		{7A591863-0FF8-4B63-896B-EE9C438E5CC8}.Release|x64.Deploy.0 = Release|iPhoneSimulator
		{7A591863-0FF8-4B63-896B-EE9C438E5CC8}.Release|x86.ActiveCfg = Release|iPhoneSimulator
		{7A591863-0FF8-4B63-896B-EE9C438E5CC8}.Release|x86.Build.0 = Release|iPhoneSimulator
		{7A591863-0FF8-4B63-896B-EE9C438E5CC8}.Release|x86.Deploy.0 = Release|iPhoneSimulator
		{AA532327-3086-4B79-AFC2-8B825A96F421}.Debug|Any CPU.ActiveCfg = Debug|Any CPU
		{AA532327-3086-4B79-AFC2-8B825A96F421}.Debug|Any CPU.Build.0 = Debug|Any CPU
		{AA532327-3086-4B79-AFC2-8B825A96F421}.Debug|Any CPU.Deploy.0 = Debug|Any CPU
		{AA532327-3086-4B79-AFC2-8B825A96F421}.Debug|ARM.ActiveCfg = Debug|Any CPU
		{AA532327-3086-4B79-AFC2-8B825A96F421}.Debug|ARM.Build.0 = Debug|Any CPU
		{AA532327-3086-4B79-AFC2-8B825A96F421}.Debug|ARM.Deploy.0 = Debug|Any CPU
		{AA532327-3086-4B79-AFC2-8B825A96F421}.Debug|iPhone.ActiveCfg = Debug|Any CPU
		{AA532327-3086-4B79-AFC2-8B825A96F421}.Debug|iPhone.Build.0 = Debug|Any CPU
		{AA532327-3086-4B79-AFC2-8B825A96F421}.Debug|iPhone.Deploy.0 = Debug|Any CPU
		{AA532327-3086-4B79-AFC2-8B825A96F421}.Debug|iPhoneSimulator.ActiveCfg = Debug|Any CPU
		{AA532327-3086-4B79-AFC2-8B825A96F421}.Debug|iPhoneSimulator.Build.0 = Debug|Any CPU
		{AA532327-3086-4B79-AFC2-8B825A96F421}.Debug|iPhoneSimulator.Deploy.0 = Debug|Any CPU
		{AA532327-3086-4B79-AFC2-8B825A96F421}.Debug|x64.ActiveCfg = Debug|Any CPU
		{AA532327-3086-4B79-AFC2-8B825A96F421}.Debug|x64.Build.0 = Debug|Any CPU
		{AA532327-3086-4B79-AFC2-8B825A96F421}.Debug|x64.Deploy.0 = Debug|Any CPU
		{AA532327-3086-4B79-AFC2-8B825A96F421}.Debug|x86.ActiveCfg = Debug|Any CPU
		{AA532327-3086-4B79-AFC2-8B825A96F421}.Debug|x86.Build.0 = Debug|Any CPU
		{AA532327-3086-4B79-AFC2-8B825A96F421}.Debug|x86.Deploy.0 = Debug|Any CPU
		{AA532327-3086-4B79-AFC2-8B825A96F421}.Release|Any CPU.ActiveCfg = Release|Any CPU
		{AA532327-3086-4B79-AFC2-8B825A96F421}.Release|Any CPU.Build.0 = Release|Any CPU
		{AA532327-3086-4B79-AFC2-8B825A96F421}.Release|Any CPU.Deploy.0 = Release|Any CPU
		{AA532327-3086-4B79-AFC2-8B825A96F421}.Release|ARM.ActiveCfg = Release|Any CPU
		{AA532327-3086-4B79-AFC2-8B825A96F421}.Release|ARM.Build.0 = Release|Any CPU
		{AA532327-3086-4B79-AFC2-8B825A96F421}.Release|ARM.Deploy.0 = Release|Any CPU
		{AA532327-3086-4B79-AFC2-8B825A96F421}.Release|iPhone.ActiveCfg = Release|Any CPU
		{AA532327-3086-4B79-AFC2-8B825A96F421}.Release|iPhone.Build.0 = Release|Any CPU
		{AA532327-3086-4B79-AFC2-8B825A96F421}.Release|iPhone.Deploy.0 = Release|Any CPU
		{AA532327-3086-4B79-AFC2-8B825A96F421}.Release|iPhoneSimulator.ActiveCfg = Release|Any CPU
		{AA532327-3086-4B79-AFC2-8B825A96F421}.Release|iPhoneSimulator.Build.0 = Release|Any CPU
		{AA532327-3086-4B79-AFC2-8B825A96F421}.Release|iPhoneSimulator.Deploy.0 = Release|Any CPU
		{AA532327-3086-4B79-AFC2-8B825A96F421}.Release|x64.ActiveCfg = Release|Any CPU
		{AA532327-3086-4B79-AFC2-8B825A96F421}.Release|x64.Build.0 = Release|Any CPU
		{AA532327-3086-4B79-AFC2-8B825A96F421}.Release|x64.Deploy.0 = Release|Any CPU
		{AA532327-3086-4B79-AFC2-8B825A96F421}.Release|x86.ActiveCfg = Release|Any CPU
		{AA532327-3086-4B79-AFC2-8B825A96F421}.Release|x86.Build.0 = Release|Any CPU
		{AA532327-3086-4B79-AFC2-8B825A96F421}.Release|x86.Deploy.0 = Release|Any CPU
	EndGlobalSection
	GlobalSection(SolutionProperties) = preSolution
		HideSolutionNode = FALSE
	EndGlobalSection
	GlobalSection(ExtensibilityGlobals) = postSolution
		SolutionGuid = {81DA7908-6E23-4B3A-B2E0-D31AA14574C1}
	EndGlobalSection
EndGlobal
